
Microsoft Visual Studio Solution File, Format Version 12.00
Project("{FAE04EC0-301F-11D3-BF4B-00C04F79EFBC}") = "LinqLeaarn", "LinqLeaarn\LinqLeaarn.csproj", "{D9072FD7-E9A9-454F-8C6B-85F4F4F66408}"
EndProject
Project("{FAE04EC0-301F-11D3-BF4B-00C04F79EFBC}") = "MysqlConnect1", "MysqlConnect1\MysqlConnect1.csproj", "{A5F3B584-9777-4B6E-A16C-E4F023722C5B}"
EndProject
Global
	GlobalSection(SolutionConfigurationPlatforms) = preSolution
		Debug|Any CPU = Debug|Any CPU
		Release|Any CPU = Release|Any CPU
	EndGlobalSection
	GlobalSection(ProjectConfigurationPlatforms) = postSolution
		{D9072FD7-E9A9-454F-8C6B-85F4F4F66408}.Debug|Any CPU.ActiveCfg = Debug|Any CPU
		{D9072FD7-E9A9-454F-8C6B-85F4F4F66408}.Debug|Any CPU.Build.0 = Debug|Any CPU
		{D9072FD7-E9A9-454F-8C6B-85F4F4F66408}.Release|Any CPU.ActiveCfg = Release|Any CPU
		{D9072FD7-E9A9-454F-8C6B-85F4F4F66408}.Release|Any CPU.Build.0 = Release|Any CPU
		{A5F3B584-9777-4B6E-A16C-E4F023722C5B}.Debug|Any CPU.ActiveCfg = Debug|Any CPU
		{A5F3B584-9777-4B6E-A16C-E4F023722C5B}.Debug|Any CPU.Build.0 = Debug|Any CPU
		{A5F3B584-9777-4B6E-A16C-E4F023722C5B}.Release|Any CPU.ActiveCfg = Release|Any CPU
		{A5F3B584-9777-4B6E-A16C-E4F023722C5B}.Release|Any CPU.Build.0 = Release|Any CPU
	EndGlobalSection
EndGlobal
